
Microsoft Visual Studio Solution File, Format Version 12.00
# Visual Studio Version 17
VisualStudioVersion = 17.2.32519.379
MinimumVisualStudioVersion = 10.0.40219.1
Project("{9A19103F-16F7-4668-BE54-9A1E7A4F7556}") = "GuideDev062022ENU_Yang", "GuideDev062022ENU_Yang.csproj", "{63DBD8D6-A18F-4DF0-BA6D-0F157D99ECBA}"
EndProject
Global
	GlobalSection(SolutionConfigurationPlatforms) = preSolution
		Debug|Any CPU = Debug|Any CPU
		Release|Any CPU = Release|Any CPU
	EndGlobalSection
	GlobalSection(ProjectConfigurationPlatforms) = postSolution
		{63DBD8D6-A18F-4DF0-BA6D-0F157D99ECBA}.Debug|Any CPU.ActiveCfg = Debug|Any CPU
		{63DBD8D6-A18F-4DF0-BA6D-0F157D99ECBA}.Debug|Any CPU.Build.0 = Debug|Any CPU
		{63DBD8D6-A18F-4DF0-BA6D-0F157D99ECBA}.Release|Any CPU.ActiveCfg = Release|Any CPU
		{63DBD8D6-A18F-4DF0-BA6D-0F157D99ECBA}.Release|Any CPU.Build.0 = Release|Any CPU
	EndGlobalSection
	GlobalSection(SolutionProperties) = preSolution
		HideSolutionNode = FALSE
	EndGlobalSection
	GlobalSection(ExtensibilityGlobals) = postSolution
		SolutionGuid = {FF30C774-FD9E-44A3-8348-7FE1B9A7C4D5}
	EndGlobalSection
EndGlobal
